
Microsoft Visual Studio Solution File, Format Version 12.00
# Visual Studio Version 17
VisualStudioVersion = 17.14.36408.4 d17.14
MinimumVisualStudioVersion = 10.0.40219.1
Project("{FAE04EC0-301F-11D3-BF4B-00C04F79EFBC}") = "GrpcServer", "GrpcServer\GrpcServer.csproj", "{7CCBAB79-0471-4237-8402-66BE7C1DEC84}"
EndProject
Project("{FAE04EC0-301F-11D3-BF4B-00C04F79EFBC}") = "GrpcSampleClient", "..\GrpcSampleClient\GrpcSampleClient.csproj", "{F655A1E5-6106-454A-952E-BB1151857684}"
EndProject
Global
	GlobalSection(SolutionConfigurationPlatforms) = preSolution
		Debug|Any CPU = Debug|Any CPU
		Release|Any CPU = Release|Any CPU
	EndGlobalSection
	GlobalSection(ProjectConfigurationPlatforms) = postSolution
		{7CCBAB79-0471-4237-8402-66BE7C1DEC84}.Debug|Any CPU.ActiveCfg = Debug|Any CPU
		{7CCBAB79-0471-4237-8402-66BE7C1DEC84}.Debug|Any CPU.Build.0 = Debug|Any CPU
		{7CCBAB79-0471-4237-8402-66BE7C1DEC84}.Release|Any CPU.ActiveCfg = Release|Any CPU
		{7CCBAB79-0471-4237-8402-66BE7C1DEC84}.Release|Any CPU.Build.0 = Release|Any CPU
		{F655A1E5-6106-454A-952E-BB1151857684}.Debug|Any CPU.ActiveCfg = Debug|Any CPU
		{F655A1E5-6106-454A-952E-BB1151857684}.Debug|Any CPU.Build.0 = Debug|Any CPU
		{F655A1E5-6106-454A-952E-BB1151857684}.Release|Any CPU.ActiveCfg = Release|Any CPU
		{F655A1E5-6106-454A-952E-BB1151857684}.Release|Any CPU.Build.0 = Release|Any CPU
	EndGlobalSection
	GlobalSection(SolutionProperties) = preSolution
		HideSolutionNode = FALSE
	EndGlobalSection
	GlobalSection(ExtensibilityGlobals) = postSolution
		SolutionGuid = {391D9987-CDA9-4C68-87AE-EA5D4EDF4866}
	EndGlobalSection
EndGlobal
